
Microsoft Visual Studio Solution File, Format Version 12.00
# Visual Studio 2013
VisualStudioVersion = 12.0.21005.1
MinimumVisualStudioVersion = 10.0.40219.1
Project("{FAE04EC0-301F-11D3-BF4B-00C04F79EFBC}") = "Task1Schemas", "Task1Schemas\Task1Schemas.csproj", "{23BDE6EC-2F31-46C0-B5A8-058927F62B9F}"
EndProject
Project("{FAE04EC0-301F-11D3-BF4B-00C04F79EFBC}") = "Task2RSS", "Task2RSS\Task2RSS.csproj", "{07686C82-FCF2-4B6A-84AE-0C71FE57BD25}"
EndProject
Global
	GlobalSection(SolutionConfigurationPlatforms) = preSolution
		Debug|Any CPU = Debug|Any CPU
		Release|Any CPU = Release|Any CPU
	EndGlobalSection
	GlobalSection(ProjectConfigurationPlatforms) = postSolution
		{23BDE6EC-2F31-46C0-B5A8-058927F62B9F}.Debug|Any CPU.ActiveCfg = Debug|Any CPU
		{23BDE6EC-2F31-46C0-B5A8-058927F62B9F}.Debug|Any CPU.Build.0 = Debug|Any CPU
		{23BDE6EC-2F31-46C0-B5A8-058927F62B9F}.Release|Any CPU.ActiveCfg = Release|Any CPU
		{23BDE6EC-2F31-46C0-B5A8-058927F62B9F}.Release|Any CPU.Build.0 = Release|Any CPU
		{07686C82-FCF2-4B6A-84AE-0C71FE57BD25}.Debug|Any CPU.ActiveCfg = Debug|Any CPU
		{07686C82-FCF2-4B6A-84AE-0C71FE57BD25}.Debug|Any CPU.Build.0 = Debug|Any CPU
		{07686C82-FCF2-4B6A-84AE-0C71FE57BD25}.Release|Any CPU.ActiveCfg = Release|Any CPU
		{07686C82-FCF2-4B6A-84AE-0C71FE57BD25}.Release|Any CPU.Build.0 = Release|Any CPU
	EndGlobalSection
	GlobalSection(SolutionProperties) = preSolution
		HideSolutionNode = FALSE
	EndGlobalSection
EndGlobal
